
Microsoft Visual Studio Solution File, Format Version 12.00
# Visual Studio Version 17
VisualStudioVersion = 17.4.33122.133
MinimumVisualStudioVersion = 10.0.40219.1
Project("{9A19103F-16F7-4668-BE54-9A1E7A4F7556}") = "Day1", "src\Day1\Day1.csproj", "{CAD1D474-31F0-4392-ACA2-F26CB7244B05}"
EndProject
Project("{9A19103F-16F7-4668-BE54-9A1E7A4F7556}") = "Day2", "src\Day2\Day2.csproj", "{A3F2AFE8-6D8F-4DFE-8A96-6EB22B61A05A}"
EndProject
Project("{9A19103F-16F7-4668-BE54-9A1E7A4F7556}") = "Day1Tests", "tests\Day1Tests\Day1Tests.csproj", "{398928A5-0EC2-4747-AC2A-3BC2ACE9444B}"
EndProject
Project("{9A19103F-16F7-4668-BE54-9A1E7A4F7556}") = "Day2Tests", "tests\Day2Tests\Day2Tests.csproj", "{4DD2861F-92B5-4DBA-B66A-FC0F38C2CD0D}"
EndProject
Project("{9A19103F-16F7-4668-BE54-9A1E7A4F7556}") = "Day3", "src\Day3\Day3.csproj", "{5D0E08FF-F53B-4F01-B639-AF3CBDCBDA3F}"
EndProject
Project("{9A19103F-16F7-4668-BE54-9A1E7A4F7556}") = "Day3Tests", "tests\Day3Tests\Day3Tests.csproj", "{6C7DF165-E0BC-4A67-A081-E70FDF339957}"
EndProject
Global
	GlobalSection(SolutionConfigurationPlatforms) = preSolution
		Debug|Any CPU = Debug|Any CPU
		Release|Any CPU = Release|Any CPU
	EndGlobalSection
	GlobalSection(ProjectConfigurationPlatforms) = postSolution
		{CAD1D474-31F0-4392-ACA2-F26CB7244B05}.Debug|Any CPU.ActiveCfg = Debug|Any CPU
		{CAD1D474-31F0-4392-ACA2-F26CB7244B05}.Debug|Any CPU.Build.0 = Debug|Any CPU
		{CAD1D474-31F0-4392-ACA2-F26CB7244B05}.Release|Any CPU.ActiveCfg = Release|Any CPU
		{CAD1D474-31F0-4392-ACA2-F26CB7244B05}.Release|Any CPU.Build.0 = Release|Any CPU
		{A3F2AFE8-6D8F-4DFE-8A96-6EB22B61A05A}.Debug|Any CPU.ActiveCfg = Debug|Any CPU
		{A3F2AFE8-6D8F-4DFE-8A96-6EB22B61A05A}.Debug|Any CPU.Build.0 = Debug|Any CPU
		{A3F2AFE8-6D8F-4DFE-8A96-6EB22B61A05A}.Release|Any CPU.ActiveCfg = Release|Any CPU
		{A3F2AFE8-6D8F-4DFE-8A96-6EB22B61A05A}.Release|Any CPU.Build.0 = Release|Any CPU
		{398928A5-0EC2-4747-AC2A-3BC2ACE9444B}.Debug|Any CPU.ActiveCfg = Debug|Any CPU
		{398928A5-0EC2-4747-AC2A-3BC2ACE9444B}.Debug|Any CPU.Build.0 = Debug|Any CPU
		{398928A5-0EC2-4747-AC2A-3BC2ACE9444B}.Release|Any CPU.ActiveCfg = Release|Any CPU
		{398928A5-0EC2-4747-AC2A-3BC2ACE9444B}.Release|Any CPU.Build.0 = Release|Any CPU
		{4DD2861F-92B5-4DBA-B66A-FC0F38C2CD0D}.Debug|Any CPU.ActiveCfg = Debug|Any CPU
		{4DD2861F-92B5-4DBA-B66A-FC0F38C2CD0D}.Debug|Any CPU.Build.0 = Debug|Any CPU
		{4DD2861F-92B5-4DBA-B66A-FC0F38C2CD0D}.Release|Any CPU.ActiveCfg = Release|Any CPU
		{4DD2861F-92B5-4DBA-B66A-FC0F38C2CD0D}.Release|Any CPU.Build.0 = Release|Any CPU
		{5D0E08FF-F53B-4F01-B639-AF3CBDCBDA3F}.Debug|Any CPU.ActiveCfg = Debug|Any CPU
		{5D0E08FF-F53B-4F01-B639-AF3CBDCBDA3F}.Debug|Any CPU.Build.0 = Debug|Any CPU
		{5D0E08FF-F53B-4F01-B639-AF3CBDCBDA3F}.Release|Any CPU.ActiveCfg = Release|Any CPU
		{5D0E08FF-F53B-4F01-B639-AF3CBDCBDA3F}.Release|Any CPU.Build.0 = Release|Any CPU
		{6C7DF165-E0BC-4A67-A081-E70FDF339957}.Debug|Any CPU.ActiveCfg = Debug|Any CPU
		{6C7DF165-E0BC-4A67-A081-E70FDF339957}.Debug|Any CPU.Build.0 = Debug|Any CPU
		{6C7DF165-E0BC-4A67-A081-E70FDF339957}.Release|Any CPU.ActiveCfg = Release|Any CPU
		{6C7DF165-E0BC-4A67-A081-E70FDF339957}.Release|Any CPU.Build.0 = Release|Any CPU
	EndGlobalSection
	GlobalSection(SolutionProperties) = preSolution
		HideSolutionNode = FALSE
	EndGlobalSection
	GlobalSection(ExtensibilityGlobals) = postSolution
		SolutionGuid = {7F56AB20-88E3-4E49-9A5A-1D86992601FE}
	EndGlobalSection
EndGlobal
